
Microsoft Visual Studio Solution File, Format Version 12.00
# Visual Studio Version 16
VisualStudioVersion = 16.0.31515.178
MinimumVisualStudioVersion = 10.0.40219.1
Project("{FAE04EC0-301F-11D3-BF4B-00C04F79EFBC}") = "DatePickerDialog_Fragment_Xamarin_Android", "DatePickerDialog_Fragment_Xamarin_Android.csproj", "{86F17603-56F4-4DC8-A599-9E3747F0C1F9}"
EndProject
Global
	GlobalSection(SolutionConfigurationPlatforms) = preSolution
		Debug|Any CPU = Debug|Any CPU
		Release|Any CPU = Release|Any CPU
	EndGlobalSection
	GlobalSection(ProjectConfigurationPlatforms) = postSolution
		{86F17603-56F4-4DC8-A599-9E3747F0C1F9}.Debug|Any CPU.ActiveCfg = Debug|Any CPU
		{86F17603-56F4-4DC8-A599-9E3747F0C1F9}.Debug|Any CPU.Build.0 = Debug|Any CPU
		{86F17603-56F4-4DC8-A599-9E3747F0C1F9}.Debug|Any CPU.Deploy.0 = Debug|Any CPU
		{86F17603-56F4-4DC8-A599-9E3747F0C1F9}.Release|Any CPU.ActiveCfg = Release|Any CPU
		{86F17603-56F4-4DC8-A599-9E3747F0C1F9}.Release|Any CPU.Build.0 = Release|Any CPU
		{86F17603-56F4-4DC8-A599-9E3747F0C1F9}.Release|Any CPU.Deploy.0 = Release|Any CPU
	EndGlobalSection
	GlobalSection(SolutionProperties) = preSolution
		HideSolutionNode = FALSE
	EndGlobalSection
	GlobalSection(ExtensibilityGlobals) = postSolution
		SolutionGuid = {0E40492C-52D9-4C54-A3C5-E6F3CBCCAAD2}
	EndGlobalSection
EndGlobal
